<Solution>
  <Folder Name="/src/">
    <Project Path="src/SystemRegisIII.Core/SystemRegisIII.Core.csproj" />
    <Project Path="src/SystemRegisIII.Host.WaylandForge/SystemRegisIII.Host.WaylandForge.csproj" />
    <Project Path="src/SystemRegisIII.WaylandForge.Ui/SystemRegisIII.WaylandForge.Ui.csproj" />
  </Folder>
</Solution>
